
Microsoft Visual Studio Solution File, Format Version 12.00
# Visual Studio 2013
VisualStudioVersion = 12.0.21005.1
MinimumVisualStudioVersion = 10.0.40219.1
Project("{FAE04EC0-301F-11D3-BF4B-00C04F79EFBC}") = "Sqlite.Demo", "Sqlite.Demo.csproj", "{7D37C961-FD08-451F-99B6-3307CCD02308}"
EndProject
Project("{FAE04EC0-301F-11D3-BF4B-00C04F79EFBC}") = "Nistec.Lib", "..\..\Nistec.Lib\Nistec.Lib.csproj", "{54F52ED5-AECD-47C6-93D8-7B3358BA7F8C}"
EndProject
Project("{2150E333-8FDC-42A3-9474-1A3956D46DE8}") = "Library", "Library", "{448D8DCB-702D-4587-8EB3-367B309AC0AE}"
EndProject
Project("{FAE04EC0-301F-11D3-BF4B-00C04F79EFBC}") = "Nistec.Data", "..\..\Nistec.Data\Nistec.Data\Nistec.Data.csproj", "{D5FD6C68-86EA-48BF-8F6D-29CE57419500}"
EndProject
Project("{FAE04EC0-301F-11D3-BF4B-00C04F79EFBC}") = "Nistec.Data.Sqlite", "..\..\Nistec.Data\Nistec.Data.Sqlite\Nistec.Data.Sqlite.csproj", "{2A6D9255-8FE8-4571-B722-027C41853BD9}"
EndProject
Global
	GlobalSection(SolutionConfigurationPlatforms) = preSolution
		Debug|Any CPU = Debug|Any CPU
		Release|Any CPU = Release|Any CPU
	EndGlobalSection
	GlobalSection(ProjectConfigurationPlatforms) = postSolution
		{7D37C961-FD08-451F-99B6-3307CCD02308}.Debug|Any CPU.ActiveCfg = Debug|Any CPU
		{7D37C961-FD08-451F-99B6-3307CCD02308}.Debug|Any CPU.Build.0 = Debug|Any CPU
		{7D37C961-FD08-451F-99B6-3307CCD02308}.Release|Any CPU.ActiveCfg = Release|Any CPU
		{7D37C961-FD08-451F-99B6-3307CCD02308}.Release|Any CPU.Build.0 = Release|Any CPU
		{54F52ED5-AECD-47C6-93D8-7B3358BA7F8C}.Debug|Any CPU.ActiveCfg = Debug|Any CPU
		{54F52ED5-AECD-47C6-93D8-7B3358BA7F8C}.Debug|Any CPU.Build.0 = Debug|Any CPU
		{54F52ED5-AECD-47C6-93D8-7B3358BA7F8C}.Release|Any CPU.ActiveCfg = Release|Any CPU
		{54F52ED5-AECD-47C6-93D8-7B3358BA7F8C}.Release|Any CPU.Build.0 = Release|Any CPU
		{D5FD6C68-86EA-48BF-8F6D-29CE57419500}.Debug|Any CPU.ActiveCfg = Debug|Any CPU
		{D5FD6C68-86EA-48BF-8F6D-29CE57419500}.Debug|Any CPU.Build.0 = Debug|Any CPU
		{D5FD6C68-86EA-48BF-8F6D-29CE57419500}.Release|Any CPU.ActiveCfg = Release|Any CPU
		{D5FD6C68-86EA-48BF-8F6D-29CE57419500}.Release|Any CPU.Build.0 = Release|Any CPU
		{2A6D9255-8FE8-4571-B722-027C41853BD9}.Debug|Any CPU.ActiveCfg = Debug|Any CPU
		{2A6D9255-8FE8-4571-B722-027C41853BD9}.Debug|Any CPU.Build.0 = Debug|Any CPU
		{2A6D9255-8FE8-4571-B722-027C41853BD9}.Release|Any CPU.ActiveCfg = Release|Any CPU
		{2A6D9255-8FE8-4571-B722-027C41853BD9}.Release|Any CPU.Build.0 = Release|Any CPU
	EndGlobalSection
	GlobalSection(SolutionProperties) = preSolution
		HideSolutionNode = FALSE
	EndGlobalSection
	GlobalSection(NestedProjects) = preSolution
		{54F52ED5-AECD-47C6-93D8-7B3358BA7F8C} = {448D8DCB-702D-4587-8EB3-367B309AC0AE}
		{D5FD6C68-86EA-48BF-8F6D-29CE57419500} = {448D8DCB-702D-4587-8EB3-367B309AC0AE}
	EndGlobalSection
EndGlobal
